
Microsoft Visual Studio Solution File, Format Version 12.00
# Visual Studio 2012
Project("{FAE04EC0-301F-11D3-BF4B-00C04F79EFBC}") = "JAMSMFHost", "JAMSMFHost\JAMSMFHost.csproj", "{25ECBA56-1BCA-41AA-B6C2-3C7C51AC5C6C}"
EndProject
Project("{FAE04EC0-301F-11D3-BF4B-00C04F79EFBC}") = "JAMSMFXunit", "JAMSMFXunit\JAMSMFXunit.csproj", "{3E4A8BE1-06AD-4E50-B478-076ECD38847D}"
EndProject
Global
	GlobalSection(SolutionConfigurationPlatforms) = preSolution
		Debug|Any CPU = Debug|Any CPU
		Release|Any CPU = Release|Any CPU
	EndGlobalSection
	GlobalSection(ProjectConfigurationPlatforms) = postSolution
		{25ECBA56-1BCA-41AA-B6C2-3C7C51AC5C6C}.Debug|Any CPU.ActiveCfg = Debug|Any CPU
		{25ECBA56-1BCA-41AA-B6C2-3C7C51AC5C6C}.Debug|Any CPU.Build.0 = Debug|Any CPU
		{25ECBA56-1BCA-41AA-B6C2-3C7C51AC5C6C}.Release|Any CPU.ActiveCfg = Release|Any CPU
		{25ECBA56-1BCA-41AA-B6C2-3C7C51AC5C6C}.Release|Any CPU.Build.0 = Release|Any CPU
		{3E4A8BE1-06AD-4E50-B478-076ECD38847D}.Debug|Any CPU.ActiveCfg = Debug|Any CPU
		{3E4A8BE1-06AD-4E50-B478-076ECD38847D}.Debug|Any CPU.Build.0 = Debug|Any CPU
		{3E4A8BE1-06AD-4E50-B478-076ECD38847D}.Release|Any CPU.ActiveCfg = Release|Any CPU
		{3E4A8BE1-06AD-4E50-B478-076ECD38847D}.Release|Any CPU.Build.0 = Release|Any CPU
	EndGlobalSection
	GlobalSection(SolutionProperties) = preSolution
		HideSolutionNode = FALSE
	EndGlobalSection
EndGlobal
